// !$*UTF8*$!
{
	archiveVersion = 1;
	classes = {
	};
	objectVersion = 46;
	objects = {

/* Begin PBXBuildFile section */
		65EC924116E55FFD001F15EE /* UIKit.framework in Frameworks */ = {isa = PBXBuildFile; fileRef = 65EC924016E55FFD001F15EE /* UIKit.framework */; };
		65EC924316E55FFD001F15EE /* Foundation.framework in Frameworks */ = {isa = PBXBuildFile; fileRef = 65EC924216E55FFD001F15EE /* Foundation.framework */; };
		65EC924516E55FFD001F15EE /* CoreGraphics.framework in Frameworks */ = {isa = PBXBuildFile; fileRef = 65EC924416E55FFD001F15EE /* CoreGraphics.framework */; };
		65EC924B16E55FFD001F15EE /* InfoPlist.strings in Resources */ = {isa = PBXBuildFile; fileRef = 65EC924916E55FFD001F15EE /* InfoPlist.strings */; };
		65EC924D16E55FFD001F15EE /* main.m in Sources */ = {isa = PBXBuildFile; fileRef = 65EC924C16E55FFD001F15EE /* main.m */; };
		65EC925116E55FFD001F15EE /* AppDelegate.m in Sources */ = {isa = PBXBuildFile; fileRef = 65EC925016E55FFD001F15EE /* AppDelegate.m */; };
		65EC925316E55FFD001F15EE /* Default.png in Resources */ = {isa = PBXBuildFile; fileRef = 65EC925216E55FFD001F15EE /* Default.png */; };
		65EC925516E55FFD001F15EE /* Default@2x.png in Resources */ = {isa = PBXBuildFile; fileRef = 65EC925416E55FFD001F15EE /* Default@2x.png */; };
		65EC925716E55FFD001F15EE /* Default-568h@2x.png in Resources */ = {isa = PBXBuildFile; fileRef = 65EC925616E55FFD001F15EE /* Default-568h@2x.png */; };
		65EC925F16E560A9001F15EE /* GLView.m in Sources */ = {isa = PBXBuildFile; fileRef = 65EC925E16E560A9001F15EE /* GLView.m */; };
		65EC926416E5612C001F15EE /* QuartzCore.framework in Frameworks */ = {isa = PBXBuildFile; fileRef = 65EC926016E56116001F15EE /* QuartzCore.framework */; };
		65EC926516E56130001F15EE /* OpenGLES.framework in Frameworks */ = {isa = PBXBuildFile; fileRef = 65EC926216E5611E001F15EE /* OpenGLES.framework */; };
		65EC926B16E57784001F15EE /* RenderingEngine.m in Sources */ = {isa = PBXBuildFile; fileRef = 65EC926A16E57784001F15EE /* RenderingEngine.m */; };
		65EC927116E58CE5001F15EE /* GLKit.framework in Frameworks */ = {isa = PBXBuildFile; fileRef = 65EC926F16E58CD9001F15EE /* GLKit.framework */; };
		65EC927416E5901C001F15EE /* SimpleFragment.glsl in Resources */ = {isa = PBXBuildFile; fileRef = 65EC927216E5901C001F15EE /* SimpleFragment.glsl */; };
		65EC927516E5901C001F15EE /* SimpleVertex.glsl in Resources */ = {isa = PBXBuildFile; fileRef = 65EC927316E5901C001F15EE /* SimpleVertex.glsl */; };
/* End PBXBuildFile section */

/* Begin PBXFileReference section */
		65EC923D16E55FFD001F15EE /* HelloArrow.app */ = {isa = PBXFileReference; explicitFileType = wrapper.application; includeInIndex = 0; path = HelloArrow.app; sourceTree = BUILT_PRODUCTS_DIR; };
		65EC924016E55FFD001F15EE /* UIKit.framework */ = {isa = PBXFileReference; lastKnownFileType = wrapper.framework; name = UIKit.framework; path = System/Library/Frameworks/UIKit.framework; sourceTree = SDKROOT; };
		65EC924216E55FFD001F15EE /* Foundation.framework */ = {isa = PBXFileReference; lastKnownFileType = wrapper.framework; name = Foundation.framework; path = System/Library/Frameworks/Foundation.framework; sourceTree = SDKROOT; };
		65EC924416E55FFD001F15EE /* CoreGraphics.framework */ = {isa = PBXFileReference; lastKnownFileType = wrapper.framework; name = CoreGraphics.framework; path = System/Library/Frameworks/CoreGraphics.framework; sourceTree = SDKROOT; };
		65EC924816E55FFD001F15EE /* HelloArrow-Info.plist */ = {isa = PBXFileReference; lastKnownFileType = text.plist.xml; path = "HelloArrow-Info.plist"; sourceTree = "<group>"; };
		65EC924A16E55FFD001F15EE /* en */ = {isa = PBXFileReference; lastKnownFileType = text.plist.strings; name = en; path = en.lproj/InfoPlist.strings; sourceTree = "<group>"; };
		65EC924C16E55FFD001F15EE /* main.m */ = {isa = PBXFileReference; lastKnownFileType = sourcecode.c.objc; path = main.m; sourceTree = "<group>"; };
		65EC924E16E55FFD001F15EE /* HelloArrow-Prefix.pch */ = {isa = PBXFileReference; lastKnownFileType = sourcecode.c.h; path = "HelloArrow-Prefix.pch"; sourceTree = "<group>"; };
		65EC924F16E55FFD001F15EE /* AppDelegate.h */ = {isa = PBXFileReference; lastKnownFileType = sourcecode.c.h; path = AppDelegate.h; sourceTree = "<group>"; };
		65EC925016E55FFD001F15EE /* AppDelegate.m */ = {isa = PBXFileReference; lastKnownFileType = sourcecode.c.objc; path = AppDelegate.m; sourceTree = "<group>"; };
		65EC925216E55FFD001F15EE /* Default.png */ = {isa = PBXFileReference; lastKnownFileType = image.png; path = Default.png; sourceTree = "<group>"; };
		65EC925416E55FFD001F15EE /* Default@2x.png */ = {isa = PBXFileReference; lastKnownFileType = image.png; path = "Default@2x.png"; sourceTree = "<group>"; };
		65EC925616E55FFD001F15EE /* Default-568h@2x.png */ = {isa = PBXFileReference; lastKnownFileType = image.png; path = "Default-568h@2x.png"; sourceTree = "<group>"; };
		65EC925D16E560A9001F15EE /* GLView.h */ = {isa = PBXFileReference; fileEncoding = 4; lastKnownFileType = sourcecode.c.h; path = GLView.h; sourceTree = "<group>"; };
		65EC925E16E560A9001F15EE /* GLView.m */ = {isa = PBXFileReference; fileEncoding = 4; lastKnownFileType = sourcecode.c.objc; path = GLView.m; sourceTree = "<group>"; };
		65EC926016E56116001F15EE /* QuartzCore.framework */ = {isa = PBXFileReference; lastKnownFileType = wrapper.framework; name = QuartzCore.framework; path = System/Library/Frameworks/QuartzCore.framework; sourceTree = SDKROOT; };
		65EC926216E5611E001F15EE /* OpenGLES.framework */ = {isa = PBXFileReference; lastKnownFileType = wrapper.framework; name = OpenGLES.framework; path = System/Library/Frameworks/OpenGLES.framework; sourceTree = SDKROOT; };
		65EC926916E57784001F15EE /* RenderingEngine.h */ = {isa = PBXFileReference; fileEncoding = 4; lastKnownFileType = sourcecode.c.h; path = RenderingEngine.h; sourceTree = "<group>"; };
		65EC926A16E57784001F15EE /* RenderingEngine.m */ = {isa = PBXFileReference; fileEncoding = 4; lastKnownFileType = sourcecode.c.objc; path = RenderingEngine.m; sourceTree = "<group>"; };
		65EC926F16E58CD9001F15EE /* GLKit.framework */ = {isa = PBXFileReference; lastKnownFileType = wrapper.framework; name = GLKit.framework; path = System/Library/Frameworks/GLKit.framework; sourceTree = SDKROOT; };
		65EC927216E5901C001F15EE /* SimpleFragment.glsl */ = {isa = PBXFileReference; fileEncoding = 4; lastKnownFileType = text; name = SimpleFragment.glsl; path = Shaders/SimpleFragment.glsl; sourceTree = "<group>"; };
		65EC927316E5901C001F15EE /* SimpleVertex.glsl */ = {isa = PBXFileReference; fileEncoding = 4; lastKnownFileType = text; name = SimpleVertex.glsl; path = Shaders/SimpleVertex.glsl; sourceTree = "<group>"; };
/* End PBXFileReference section */

/* Begin PBXFrameworksBuildPhase section */
		65EC923A16E55FFD001F15EE /* Frameworks */ = {
			isa = PBXFrameworksBuildPhase;
			buildActionMask = 2147483647;
			files = (
				65EC927116E58CE5001F15EE /* GLKit.framework in Frameworks */,
				65EC926516E56130001F15EE /* OpenGLES.framework in Frameworks */,
				65EC926416E5612C001F15EE /* QuartzCore.framework in Frameworks */,
				65EC924116E55FFD001F15EE /* UIKit.framework in Frameworks */,
				65EC924316E55FFD001F15EE /* Foundation.framework in Frameworks */,
				65EC924516E55FFD001F15EE /* CoreGraphics.framework in Frameworks */,
			);
			runOnlyForDeploymentPostprocessing = 0;
		};
/* End PBXFrameworksBuildPhase section */

/* Begin PBXGroup section */
		65EC923416E55FFD001F15EE = {
			isa = PBXGroup;
			children = (
				65EC924616E55FFD001F15EE /* HelloArrow */,
				65EC923F16E55FFD001F15EE /* Frameworks */,
				65EC923E16E55FFD001F15EE /* Products */,
			);
			sourceTree = "<group>";
		};
		65EC923E16E55FFD001F15EE /* Products */ = {
			isa = PBXGroup;
			children = (
				65EC923D16E55FFD001F15EE /* HelloArrow.app */,
			);
			name = Products;
			sourceTree = "<group>";
		};
		65EC923F16E55FFD001F15EE /* Frameworks */ = {
			isa = PBXGroup;
			children = (
				65EC926F16E58CD9001F15EE /* GLKit.framework */,
				65EC926216E5611E001F15EE /* OpenGLES.framework */,
				65EC926016E56116001F15EE /* QuartzCore.framework */,
				65EC924016E55FFD001F15EE /* UIKit.framework */,
				65EC924216E55FFD001F15EE /* Foundation.framework */,
				65EC924416E55FFD001F15EE /* CoreGraphics.framework */,
			);
			name = Frameworks;
			sourceTree = "<group>";
		};
		65EC924616E55FFD001F15EE /* HelloArrow */ = {
			isa = PBXGroup;
			children = (
				65EC924F16E55FFD001F15EE /* AppDelegate.h */,
				65EC925016E55FFD001F15EE /* AppDelegate.m */,
				65EC925D16E560A9001F15EE /* GLView.h */,
				65EC925E16E560A9001F15EE /* GLView.m */,
				65EC926916E57784001F15EE /* RenderingEngine.h */,
				65EC926A16E57784001F15EE /* RenderingEngine.m */,
				65EC926C16E57E44001F15EE /* Shaders */,
				65EC924716E55FFD001F15EE /* Supporting Files */,
			);
			path = HelloArrow;
			sourceTree = "<group>";
		};
		65EC924716E55FFD001F15EE /* Supporting Files */ = {
			isa = PBXGroup;
			children = (
				65EC924816E55FFD001F15EE /* HelloArrow-Info.plist */,
				65EC924916E55FFD001F15EE /* InfoPlist.strings */,
				65EC924C16E55FFD001F15EE /* main.m */,
				65EC924E16E55FFD001F15EE /* HelloArrow-Prefix.pch */,
				65EC925216E55FFD001F15EE /* Default.png */,
				65EC925416E55FFD001F15EE /* Default@2x.png */,
				65EC925616E55FFD001F15EE /* Default-568h@2x.png */,
			);
			name = "Supporting Files";
			sourceTree = "<group>";
		};
		65EC926C16E57E44001F15EE /* Shaders */ = {
			isa = PBXGroup;
			children = (
				65EC927216E5901C001F15EE /* SimpleFragment.glsl */,
				65EC927316E5901C001F15EE /* SimpleVertex.glsl */,
			);
			name = Shaders;
			sourceTree = "<group>";
		};
/* End PBXGroup section */

/* Begin PBXNativeTarget section */
		65EC923C16E55FFD001F15EE /* HelloArrow */ = {
			isa = PBXNativeTarget;
			buildConfigurationList = 65EC925A16E55FFD001F15EE /* Build configuration list for PBXNativeTarget "HelloArrow" */;
			buildPhases = (
				65EC923916E55FFD001F15EE /* Sources */,
				65EC923A16E55FFD001F15EE /* Frameworks */,
				65EC923B16E55FFD001F15EE /* Resources */,
			);
			buildRules = (
			);
			dependencies = (
			);
			name = HelloArrow;
			productName = HelloArrow;
			productReference = 65EC923D16E55FFD001F15EE /* HelloArrow.app */;
			productType = "com.apple.product-type.application";
		};
/* End PBXNativeTarget section */

/* Begin PBXProject section */
		65EC923516E55FFD001F15EE /* Project object */ = {
			isa = PBXProject;
			attributes = {
				LastUpgradeCheck = 0460;
				ORGANIZATIONNAME = "Derek Lyons";
			};
			buildConfigurationList = 65EC923816E55FFD001F15EE /* Build configuration list for PBXProject "HelloArrow" */;
			compatibilityVersion = "Xcode 3.2";
			developmentRegion = English;
			hasScannedForEncodings = 0;
			knownRegions = (
				en,
			);
			mainGroup = 65EC923416E55FFD001F15EE;
			productRefGroup = 65EC923E16E55FFD001F15EE /* Products */;
			projectDirPath = "";
			projectRoot = "";
			targets = (
				65EC923C16E55FFD001F15EE /* HelloArrow */,
			);
		};
/* End PBXProject section */

/* Begin PBXResourcesBuildPhase section */
		65EC923B16E55FFD001F15EE /* Resources */ = {
			isa = PBXResourcesBuildPhase;
			buildActionMask = 2147483647;
			files = (
				65EC924B16E55FFD001F15EE /* InfoPlist.strings in Resources */,
				65EC925316E55FFD001F15EE /* Default.png in Resources */,
				65EC925516E55FFD001F15EE /* Default@2x.png in Resources */,
				65EC925716E55FFD001F15EE /* Default-568h@2x.png in Resources */,
				65EC927416E5901C001F15EE /* SimpleFragment.glsl in Resources */,
				65EC927516E5901C001F15EE /* SimpleVertex.glsl in Resources */,
			);
			runOnlyForDeploymentPostprocessing = 0;
		};
/* End PBXResourcesBuildPhase section */

/* Begin PBXSourcesBuildPhase section */
		65EC923916E55FFD001F15EE /* Sources */ = {
			isa = PBXSourcesBuildPhase;
			buildActionMask = 2147483647;
			files = (
				65EC924D16E55FFD001F15EE /* main.m in Sources */,
				65EC925116E55FFD001F15EE /* AppDelegate.m in Sources */,
				65EC925F16E560A9001F15EE /* GLView.m in Sources */,
				65EC926B16E57784001F15EE /* RenderingEngine.m in Sources */,
			);
			runOnlyForDeploymentPostprocessing = 0;
		};
/* End PBXSourcesBuildPhase section */

/* Begin PBXVariantGroup section */
		65EC924916E55FFD001F15EE /* InfoPlist.strings */ = {
			isa = PBXVariantGroup;
			children = (
				65EC924A16E55FFD001F15EE /* en */,
			);
			name = InfoPlist.strings;
			sourceTree = "<group>";
		};
/* End PBXVariantGroup section */

/* Begin XCBuildConfiguration section */
		65EC925816E55FFD001F15EE /* Debug */ = {
			isa = XCBuildConfiguration;
			buildSettings = {
				ALWAYS_SEARCH_USER_PATHS = NO;
				CLANG_CXX_LANGUAGE_STANDARD = "gnu++0x";
				CLANG_CXX_LIBRARY = "libc++";
				CLANG_ENABLE_OBJC_ARC = YES;
				CLANG_WARN_CONSTANT_CONVERSION = YES;
				CLANG_WARN_EMPTY_BODY = YES;
				CLANG_WARN_ENUM_CONVERSION = YES;
				CLANG_WARN_INT_CONVERSION = YES;
				CLANG_WARN__DUPLICATE_METHOD_MATCH = YES;
				"CODE_SIGN_IDENTITY[sdk=iphoneos*]" = "iPhone Developer";
				COPY_PHASE_STRIP = NO;
				GCC_C_LANGUAGE_STANDARD = gnu99;
				GCC_DYNAMIC_NO_PIC = NO;
				GCC_OPTIMIZATION_LEVEL = 0;
				GCC_PREPROCESSOR_DEFINITIONS = (
					"DEBUG=1",
					"$(inherited)",
				);
				GCC_SYMBOLS_PRIVATE_EXTERN = NO;
				GCC_WARN_ABOUT_RETURN_TYPE = YES;
				GCC_WARN_UNINITIALIZED_AUTOS = YES;
				GCC_WARN_UNUSED_VARIABLE = YES;
				IPHONEOS_DEPLOYMENT_TARGET = 6.1;
				ONLY_ACTIVE_ARCH = YES;
				SDKROOT = iphoneos;
				TARGETED_DEVICE_FAMILY = 2;
			};
			name = Debug;
		};
		65EC925916E55FFD001F15EE /* Release */ = {
			isa = XCBuildConfiguration;
			buildSettings = {
				ALWAYS_SEARCH_USER_PATHS = NO;
				CLANG_CXX_LANGUAGE_STANDARD = "gnu++0x";
				CLANG_CXX_LIBRARY = "libc++";
				CLANG_ENABLE_OBJC_ARC = YES;
				CLANG_WARN_CONSTANT_CONVERSION = YES;
				CLANG_WARN_EMPTY_BODY = YES;
				CLANG_WARN_ENUM_CONVERSION = YES;
				CLANG_WARN_INT_CONVERSION = YES;
				CLANG_WARN__DUPLICATE_METHOD_MATCH = YES;
				"CODE_SIGN_IDENTITY[sdk=iphoneos*]" = "iPhone Developer";
				COPY_PHASE_STRIP = YES;
				GCC_C_LANGUAGE_STANDARD = gnu99;
				GCC_WARN_ABOUT_RETURN_TYPE = YES;
				GCC_WARN_UNINITIALIZED_AUTOS = YES;
				GCC_WARN_UNUSED_VARIABLE = YES;
				IPHONEOS_DEPLOYMENT_TARGET = 6.1;
				OTHER_CFLAGS = "-DNS_BLOCK_ASSERTIONS=1";
				SDKROOT = iphoneos;
				TARGETED_DEVICE_FAMILY = 2;
				VALIDATE_PRODUCT = YES;
			};
			name = Release;
		};
		65EC925B16E55FFD001F15EE /* Debug */ = {
			isa = XCBuildConfiguration;
			buildSettings = {
				GCC_PRECOMPILE_PREFIX_HEADER = YES;
				GCC_PREFIX_HEADER = "HelloArrow/HelloArrow-Prefix.pch";
				INFOPLIST_FILE = "HelloArrow/HelloArrow-Info.plist";
				PRODUCT_NAME = "$(TARGET_NAME)";
				WRAPPER_EXTENSION = app;
			};
			name = Debug;
		};
		65EC925C16E55FFD001F15EE /* Release */ = {
			isa = XCBuildConfiguration;
			buildSettings = {
				GCC_PRECOMPILE_PREFIX_HEADER = YES;
				GCC_PREFIX_HEADER = "HelloArrow/HelloArrow-Prefix.pch";
				INFOPLIST_FILE = "HelloArrow/HelloArrow-Info.plist";
				PRODUCT_NAME = "$(TARGET_NAME)";
				WRAPPER_EXTENSION = app;
			};
			name = Release;
		};
/* End XCBuildConfiguration section */

/* Begin XCConfigurationList section */
		65EC923816E55FFD001F15EE /* Build configuration list for PBXProject "HelloArrow" */ = {
			isa = XCConfigurationList;
			buildConfigurations = (
				65EC925816E55FFD001F15EE /* Debug */,
				65EC925916E55FFD001F15EE /* Release */,
			);
			defaultConfigurationIsVisible = 0;
			defaultConfigurationName = Release;
		};
		65EC925A16E55FFD001F15EE /* Build configuration list for PBXNativeTarget "HelloArrow" */ = {
			isa = XCConfigurationList;
			buildConfigurations = (
				65EC925B16E55FFD001F15EE /* Debug */,
				65EC925C16E55FFD001F15EE /* Release */,
			);
			defaultConfigurationIsVisible = 0;
			defaultConfigurationName = Release;
		};
/* End XCConfigurationList section */
	};
	rootObject = 65EC923516E55FFD001F15EE /* Project object */;
}
